// !$*UTF8*$!
{
	archiveVersion = 1;
	classes = {
	};
	objectVersion = 55;
	objects = {

/* Begin PBXBuildFile section */
		633C1F1027E884640047BFDA /* AppDelegate.swift in Sources */ = {isa = PBXBuildFile; fileRef = 633C1F0F27E884640047BFDA /* AppDelegate.swift */; };
		633C1F1227E884640047BFDA /* SceneDelegate.swift in Sources */ = {isa = PBXBuildFile; fileRef = 633C1F1127E884640047BFDA /* SceneDelegate.swift */; };
		633C1F1727E884640047BFDA /* Main.storyboard in Resources */ = {isa = PBXBuildFile; fileRef = 633C1F1527E884640047BFDA /* Main.storyboard */; };
		633C1F1A27E884640047BFDA /* Reciplease.xcdatamodeld in Sources */ = {isa = PBXBuildFile; fileRef = 633C1F1827E884640047BFDA /* Reciplease.xcdatamodeld */; };
		633C1F1C27E884670047BFDA /* Assets.xcassets in Resources */ = {isa = PBXBuildFile; fileRef = 633C1F1B27E884670047BFDA /* Assets.xcassets */; };
		633C1F1F27E884670047BFDA /* LaunchScreen.storyboard in Resources */ = {isa = PBXBuildFile; fileRef = 633C1F1D27E884670047BFDA /* LaunchScreen.storyboard */; };
		633C1F2A27E884670047BFDA /* RecipleaseTests.swift in Sources */ = {isa = PBXBuildFile; fileRef = 633C1F2927E884670047BFDA /* RecipleaseTests.swift */; };
		633C1F3427E884670047BFDA /* RecipleaseUITests.swift in Sources */ = {isa = PBXBuildFile; fileRef = 633C1F3327E884670047BFDA /* RecipleaseUITests.swift */; };
		633C1F3627E884670047BFDA /* RecipleaseUITestsLaunchTests.swift in Sources */ = {isa = PBXBuildFile; fileRef = 633C1F3527E884670047BFDA /* RecipleaseUITestsLaunchTests.swift */; };
		635F3D7527E8CABD001439B0 /* SearchViewController.swift in Sources */ = {isa = PBXBuildFile; fileRef = 635F3D7427E8CABD001439B0 /* SearchViewController.swift */; };
		635F3D7727E8CB4D001439B0 /* FavoriteViewController.swift in Sources */ = {isa = PBXBuildFile; fileRef = 635F3D7627E8CB4D001439B0 /* FavoriteViewController.swift */; };
		63EFC16127E8E2DC00ECB49C /* Service.swift in Sources */ = {isa = PBXBuildFile; fileRef = 63EFC16027E8E2DC00ECB49C /* Service.swift */; };
		63EFC16327E8E62100ECB49C /* RecipeData.swift in Sources */ = {isa = PBXBuildFile; fileRef = 63EFC16227E8E62100ECB49C /* RecipeData.swift */; };
		63EFC16527E8F18C00ECB49C /* Recipe.swift in Sources */ = {isa = PBXBuildFile; fileRef = 63EFC16427E8F18C00ECB49C /* Recipe.swift */; };
		63EFC16727E8F32D00ECB49C /* RecipeViewController.swift in Sources */ = {isa = PBXBuildFile; fileRef = 63EFC16627E8F32D00ECB49C /* RecipeViewController.swift */; };
		63EFC16A27E8F3BD00ECB49C /* Extention.swift in Sources */ = {isa = PBXBuildFile; fileRef = 63EFC16927E8F3BD00ECB49C /* Extention.swift */; };
/* End PBXBuildFile section */

/* Begin PBXContainerItemProxy section */
		633C1F2627E884670047BFDA /* PBXContainerItemProxy */ = {
			isa = PBXContainerItemProxy;
			containerPortal = 633C1F0427E884640047BFDA /* Project object */;
			proxyType = 1;
			remoteGlobalIDString = 633C1F0B27E884640047BFDA;
			remoteInfo = Reciplease;
		};
		633C1F3027E884670047BFDA /* PBXContainerItemProxy */ = {
			isa = PBXContainerItemProxy;
			containerPortal = 633C1F0427E884640047BFDA /* Project object */;
			proxyType = 1;
			remoteGlobalIDString = 633C1F0B27E884640047BFDA;
			remoteInfo = Reciplease;
		};
/* End PBXContainerItemProxy section */

/* Begin PBXFileReference section */
		633C1F0C27E884640047BFDA /* Reciplease.app */ = {isa = PBXFileReference; explicitFileType = wrapper.application; includeInIndex = 0; path = Reciplease.app; sourceTree = BUILT_PRODUCTS_DIR; };
		633C1F0F27E884640047BFDA /* AppDelegate.swift */ = {isa = PBXFileReference; lastKnownFileType = sourcecode.swift; path = AppDelegate.swift; sourceTree = "<group>"; };
		633C1F1127E884640047BFDA /* SceneDelegate.swift */ = {isa = PBXFileReference; lastKnownFileType = sourcecode.swift; path = SceneDelegate.swift; sourceTree = "<group>"; };
		633C1F1627E884640047BFDA /* Base */ = {isa = PBXFileReference; lastKnownFileType = file.storyboard; name = Base; path = Base.lproj/Main.storyboard; sourceTree = "<group>"; };
		633C1F1927E884640047BFDA /* Reciplease.xcdatamodel */ = {isa = PBXFileReference; lastKnownFileType = wrapper.xcdatamodel; path = Reciplease.xcdatamodel; sourceTree = "<group>"; };
		633C1F1B27E884670047BFDA /* Assets.xcassets */ = {isa = PBXFileReference; lastKnownFileType = folder.assetcatalog; path = Assets.xcassets; sourceTree = "<group>"; };
		633C1F1E27E884670047BFDA /* Base */ = {isa = PBXFileReference; lastKnownFileType = file.storyboard; name = Base; path = Base.lproj/LaunchScreen.storyboard; sourceTree = "<group>"; };
		633C1F2027E884670047BFDA /* Info.plist */ = {isa = PBXFileReference; lastKnownFileType = text.plist.xml; path = Info.plist; sourceTree = "<group>"; };
		633C1F2527E884670047BFDA /* RecipleaseTests.xctest */ = {isa = PBXFileReference; explicitFileType = wrapper.cfbundle; includeInIndex = 0; path = RecipleaseTests.xctest; sourceTree = BUILT_PRODUCTS_DIR; };
		633C1F2927E884670047BFDA /* RecipleaseTests.swift */ = {isa = PBXFileReference; lastKnownFileType = sourcecode.swift; path = RecipleaseTests.swift; sourceTree = "<group>"; };
		633C1F2F27E884670047BFDA /* RecipleaseUITests.xctest */ = {isa = PBXFileReference; explicitFileType = wrapper.cfbundle; includeInIndex = 0; path = RecipleaseUITests.xctest; sourceTree = BUILT_PRODUCTS_DIR; };
		633C1F3327E884670047BFDA /* RecipleaseUITests.swift */ = {isa = PBXFileReference; lastKnownFileType = sourcecode.swift; path = RecipleaseUITests.swift; sourceTree = "<group>"; };
		633C1F3527E884670047BFDA /* RecipleaseUITestsLaunchTests.swift */ = {isa = PBXFileReference; lastKnownFileType = sourcecode.swift; path = RecipleaseUITestsLaunchTests.swift; sourceTree = "<group>"; };
		635F3D7427E8CABD001439B0 /* SearchViewController.swift */ = {isa = PBXFileReference; lastKnownFileType = sourcecode.swift; path = SearchViewController.swift; sourceTree = "<group>"; };
		635F3D7627E8CB4D001439B0 /* FavoriteViewController.swift */ = {isa = PBXFileReference; lastKnownFileType = sourcecode.swift; path = FavoriteViewController.swift; sourceTree = "<group>"; };
		63EFC16027E8E2DC00ECB49C /* Service.swift */ = {isa = PBXFileReference; lastKnownFileType = sourcecode.swift; path = Service.swift; sourceTree = "<group>"; };
		63EFC16227E8E62100ECB49C /* RecipeData.swift */ = {isa = PBXFileReference; lastKnownFileType = sourcecode.swift; path = RecipeData.swift; sourceTree = "<group>"; };
		63EFC16427E8F18C00ECB49C /* Recipe.swift */ = {isa = PBXFileReference; lastKnownFileType = sourcecode.swift; path = Recipe.swift; sourceTree = "<group>"; };
		63EFC16627E8F32D00ECB49C /* RecipeViewController.swift */ = {isa = PBXFileReference; lastKnownFileType = sourcecode.swift; path = RecipeViewController.swift; sourceTree = "<group>"; };
		63EFC16927E8F3BD00ECB49C /* Extention.swift */ = {isa = PBXFileReference; lastKnownFileType = sourcecode.swift; path = Extention.swift; sourceTree = "<group>"; };
/* End PBXFileReference section */

/* Begin PBXFrameworksBuildPhase section */
		633C1F0927E884640047BFDA /* Frameworks */ = {
			isa = PBXFrameworksBuildPhase;
			buildActionMask = 2147483647;
			files = (
			);
			runOnlyForDeploymentPostprocessing = 0;
		};
		633C1F2227E884670047BFDA /* Frameworks */ = {
			isa = PBXFrameworksBuildPhase;
			buildActionMask = 2147483647;
			files = (
			);
			runOnlyForDeploymentPostprocessing = 0;
		};
		633C1F2C27E884670047BFDA /* Frameworks */ = {
			isa = PBXFrameworksBuildPhase;
			buildActionMask = 2147483647;
			files = (
			);
			runOnlyForDeploymentPostprocessing = 0;
		};
/* End PBXFrameworksBuildPhase section */

/* Begin PBXGroup section */
		633C1F0327E884640047BFDA = {
			isa = PBXGroup;
			children = (
				63EFC16827E8F3AF00ECB49C /* Extention */,
				633C1F0E27E884640047BFDA /* Reciplease */,
				633C1F2827E884670047BFDA /* RecipleaseTests */,
				633C1F3227E884670047BFDA /* RecipleaseUITests */,
				633C1F0D27E884640047BFDA /* Products */,
			);
			sourceTree = "<group>";
		};
		633C1F0D27E884640047BFDA /* Products */ = {
			isa = PBXGroup;
			children = (
				633C1F0C27E884640047BFDA /* Reciplease.app */,
				633C1F2527E884670047BFDA /* RecipleaseTests.xctest */,
				633C1F2F27E884670047BFDA /* RecipleaseUITests.xctest */,
			);
			name = Products;
			sourceTree = "<group>";
		};
		633C1F0E27E884640047BFDA /* Reciplease */ = {
			isa = PBXGroup;
			children = (
				633C1F4427E8848A0047BFDA /* Service */,
				633C1F4527E8848E0047BFDA /* Controller */,
				633C1F4327E884870047BFDA /* View */,
				633C1F4227E884750047BFDA /* Model */,
				633C1F0F27E884640047BFDA /* AppDelegate.swift */,
				633C1F1127E884640047BFDA /* SceneDelegate.swift */,
				633C1F2027E884670047BFDA /* Info.plist */,
				633C1F1827E884640047BFDA /* Reciplease.xcdatamodeld */,
			);
			path = Reciplease;
			sourceTree = "<group>";
		};
		633C1F2827E884670047BFDA /* RecipleaseTests */ = {
			isa = PBXGroup;
			children = (
				633C1F2927E884670047BFDA /* RecipleaseTests.swift */,
			);
			path = RecipleaseTests;
			sourceTree = "<group>";
		};
		633C1F3227E884670047BFDA /* RecipleaseUITests */ = {
			isa = PBXGroup;
			children = (
				633C1F3327E884670047BFDA /* RecipleaseUITests.swift */,
				633C1F3527E884670047BFDA /* RecipleaseUITestsLaunchTests.swift */,
			);
			path = RecipleaseUITests;
			sourceTree = "<group>";
		};
		633C1F4227E884750047BFDA /* Model */ = {
			isa = PBXGroup;
			children = (
				63EFC16227E8E62100ECB49C /* RecipeData.swift */,
				63EFC16427E8F18C00ECB49C /* Recipe.swift */,
			);
			path = Model;
			sourceTree = "<group>";
		};
		633C1F4327E884870047BFDA /* View */ = {
			isa = PBXGroup;
			children = (
				633C1F1B27E884670047BFDA /* Assets.xcassets */,
				633C1F1527E884640047BFDA /* Main.storyboard */,
				633C1F1D27E884670047BFDA /* LaunchScreen.storyboard */,
			);
			path = View;
			sourceTree = "<group>";
		};
		633C1F4427E8848A0047BFDA /* Service */ = {
			isa = PBXGroup;
			children = (
				63EFC16027E8E2DC00ECB49C /* Service.swift */,
			);
			path = Service;
			sourceTree = "<group>";
		};
		633C1F4527E8848E0047BFDA /* Controller */ = {
			isa = PBXGroup;
			children = (
				635F3D7427E8CABD001439B0 /* SearchViewController.swift */,
				635F3D7627E8CB4D001439B0 /* FavoriteViewController.swift */,
				63EFC16627E8F32D00ECB49C /* RecipeViewController.swift */,
			);
			path = Controller;
			sourceTree = "<group>";
		};
		63EFC16827E8F3AF00ECB49C /* Extention */ = {
			isa = PBXGroup;
			children = (
				63EFC16927E8F3BD00ECB49C /* Extention.swift */,
			);
			path = Extention;
			sourceTree = "<group>";
		};
/* End PBXGroup section */

/* Begin PBXNativeTarget section */
		633C1F0B27E884640047BFDA /* Reciplease */ = {
			isa = PBXNativeTarget;
			buildConfigurationList = 633C1F3927E884670047BFDA /* Build configuration list for PBXNativeTarget "Reciplease" */;
			buildPhases = (
				633C1F0827E884640047BFDA /* Sources */,
				633C1F0927E884640047BFDA /* Frameworks */,
				633C1F0A27E884640047BFDA /* Resources */,
			);
			buildRules = (
			);
			dependencies = (
			);
			name = Reciplease;
			productName = Reciplease;
			productReference = 633C1F0C27E884640047BFDA /* Reciplease.app */;
			productType = "com.apple.product-type.application";
		};
		633C1F2427E884670047BFDA /* RecipleaseTests */ = {
			isa = PBXNativeTarget;
			buildConfigurationList = 633C1F3C27E884670047BFDA /* Build configuration list for PBXNativeTarget "RecipleaseTests" */;
			buildPhases = (
				633C1F2127E884670047BFDA /* Sources */,
				633C1F2227E884670047BFDA /* Frameworks */,
				633C1F2327E884670047BFDA /* Resources */,
			);
			buildRules = (
			);
			dependencies = (
				633C1F2727E884670047BFDA /* PBXTargetDependency */,
			);
			name = RecipleaseTests;
			productName = RecipleaseTests;
			productReference = 633C1F2527E884670047BFDA /* RecipleaseTests.xctest */;
			productType = "com.apple.product-type.bundle.unit-test";
		};
		633C1F2E27E884670047BFDA /* RecipleaseUITests */ = {
			isa = PBXNativeTarget;
			buildConfigurationList = 633C1F3F27E884670047BFDA /* Build configuration list for PBXNativeTarget "RecipleaseUITests" */;
			buildPhases = (
				633C1F2B27E884670047BFDA /* Sources */,
				633C1F2C27E884670047BFDA /* Frameworks */,
				633C1F2D27E884670047BFDA /* Resources */,
			);
			buildRules = (
			);
			dependencies = (
				633C1F3127E884670047BFDA /* PBXTargetDependency */,
			);
			name = RecipleaseUITests;
			productName = RecipleaseUITests;
			productReference = 633C1F2F27E884670047BFDA /* RecipleaseUITests.xctest */;
			productType = "com.apple.product-type.bundle.ui-testing";
		};
/* End PBXNativeTarget section */

/* Begin PBXProject section */
		633C1F0427E884640047BFDA /* Project object */ = {
			isa = PBXProject;
			attributes = {
				BuildIndependentTargetsInParallel = 1;
				LastSwiftUpdateCheck = 1330;
				LastUpgradeCheck = 1330;
				TargetAttributes = {
					633C1F0B27E884640047BFDA = {
						CreatedOnToolsVersion = 13.3;
					};
					633C1F2427E884670047BFDA = {
						CreatedOnToolsVersion = 13.3;
						TestTargetID = 633C1F0B27E884640047BFDA;
					};
					633C1F2E27E884670047BFDA = {
						CreatedOnToolsVersion = 13.3;
						TestTargetID = 633C1F0B27E884640047BFDA;
					};
				};
			};
			buildConfigurationList = 633C1F0727E884640047BFDA /* Build configuration list for PBXProject "Reciplease" */;
			compatibilityVersion = "Xcode 13.0";
			developmentRegion = en;
			hasScannedForEncodings = 0;
			knownRegions = (
				en,
				Base,
			);
			mainGroup = 633C1F0327E884640047BFDA;
			productRefGroup = 633C1F0D27E884640047BFDA /* Products */;
			projectDirPath = "";
			projectRoot = "";
			targets = (
				633C1F0B27E884640047BFDA /* Reciplease */,
				633C1F2427E884670047BFDA /* RecipleaseTests */,
				633C1F2E27E884670047BFDA /* RecipleaseUITests */,
			);
		};
/* End PBXProject section */

/* Begin PBXResourcesBuildPhase section */
		633C1F0A27E884640047BFDA /* Resources */ = {
			isa = PBXResourcesBuildPhase;
			buildActionMask = 2147483647;
			files = (
				633C1F1F27E884670047BFDA /* LaunchScreen.storyboard in Resources */,
				633C1F1C27E884670047BFDA /* Assets.xcassets in Resources */,
				633C1F1727E884640047BFDA /* Main.storyboard in Resources */,
			);
			runOnlyForDeploymentPostprocessing = 0;
		};
		633C1F2327E884670047BFDA /* Resources */ = {
			isa = PBXResourcesBuildPhase;
			buildActionMask = 2147483647;
			files = (
			);
			runOnlyForDeploymentPostprocessing = 0;
		};
		633C1F2D27E884670047BFDA /* Resources */ = {
			isa = PBXResourcesBuildPhase;
			buildActionMask = 2147483647;
			files = (
			);
			runOnlyForDeploymentPostprocessing = 0;
		};
/* End PBXResourcesBuildPhase section */

/* Begin PBXSourcesBuildPhase section */
		633C1F0827E884640047BFDA /* Sources */ = {
			isa = PBXSourcesBuildPhase;
			buildActionMask = 2147483647;
			files = (
				633C1F1A27E884640047BFDA /* Reciplease.xcdatamodeld in Sources */,
				635F3D7527E8CABD001439B0 /* SearchViewController.swift in Sources */,
				63EFC16327E8E62100ECB49C /* RecipeData.swift in Sources */,
				633C1F1027E884640047BFDA /* AppDelegate.swift in Sources */,
				63EFC16A27E8F3BD00ECB49C /* Extention.swift in Sources */,
				633C1F1227E884640047BFDA /* SceneDelegate.swift in Sources */,
				635F3D7727E8CB4D001439B0 /* FavoriteViewController.swift in Sources */,
				63EFC16127E8E2DC00ECB49C /* Service.swift in Sources */,
				63EFC16527E8F18C00ECB49C /* Recipe.swift in Sources */,
				63EFC16727E8F32D00ECB49C /* RecipeViewController.swift in Sources */,
			);
			runOnlyForDeploymentPostprocessing = 0;
		};
		633C1F2127E884670047BFDA /* Sources */ = {
			isa = PBXSourcesBuildPhase;
			buildActionMask = 2147483647;
			files = (
				633C1F2A27E884670047BFDA /* RecipleaseTests.swift in Sources */,
			);
			runOnlyForDeploymentPostprocessing = 0;
		};
		633C1F2B27E884670047BFDA /* Sources */ = {
			isa = PBXSourcesBuildPhase;
			buildActionMask = 2147483647;
			files = (
				633C1F3427E884670047BFDA /* RecipleaseUITests.swift in Sources */,
				633C1F3627E884670047BFDA /* RecipleaseUITestsLaunchTests.swift in Sources */,
			);
			runOnlyForDeploymentPostprocessing = 0;
		};
/* End PBXSourcesBuildPhase section */

/* Begin PBXTargetDependency section */
		633C1F2727E884670047BFDA /* PBXTargetDependency */ = {
			isa = PBXTargetDependency;
			target = 633C1F0B27E884640047BFDA /* Reciplease */;
			targetProxy = 633C1F2627E884670047BFDA /* PBXContainerItemProxy */;
		};
		633C1F3127E884670047BFDA /* PBXTargetDependency */ = {
			isa = PBXTargetDependency;
			target = 633C1F0B27E884640047BFDA /* Reciplease */;
			targetProxy = 633C1F3027E884670047BFDA /* PBXContainerItemProxy */;
		};
/* End PBXTargetDependency section */

/* Begin PBXVariantGroup section */
		633C1F1527E884640047BFDA /* Main.storyboard */ = {
			isa = PBXVariantGroup;
			children = (
				633C1F1627E884640047BFDA /* Base */,
			);
			name = Main.storyboard;
			sourceTree = "<group>";
		};
		633C1F1D27E884670047BFDA /* LaunchScreen.storyboard */ = {
			isa = PBXVariantGroup;
			children = (
				633C1F1E27E884670047BFDA /* Base */,
			);
			name = LaunchScreen.storyboard;
			sourceTree = "<group>";
		};
/* End PBXVariantGroup section */

/* Begin XCBuildConfiguration section */
		633C1F3727E884670047BFDA /* Debug */ = {
			isa = XCBuildConfiguration;
			buildSettings = {
				ALWAYS_SEARCH_USER_PATHS = NO;
				CLANG_ANALYZER_NONNULL = YES;
				CLANG_ANALYZER_NUMBER_OBJECT_CONVERSION = YES_AGGRESSIVE;
				CLANG_CXX_LANGUAGE_STANDARD = "gnu++17";
				CLANG_ENABLE_MODULES = YES;
				CLANG_ENABLE_OBJC_ARC = YES;
				CLANG_ENABLE_OBJC_WEAK = YES;
				CLANG_WARN_BLOCK_CAPTURE_AUTORELEASING = YES;
				CLANG_WARN_BOOL_CONVERSION = YES;
				CLANG_WARN_COMMA = YES;
				CLANG_WARN_CONSTANT_CONVERSION = YES;
				CLANG_WARN_DEPRECATED_OBJC_IMPLEMENTATIONS = YES;
				CLANG_WARN_DIRECT_OBJC_ISA_USAGE = YES_ERROR;
				CLANG_WARN_DOCUMENTATION_COMMENTS = YES;
				CLANG_WARN_EMPTY_BODY = YES;
				CLANG_WARN_ENUM_CONVERSION = YES;
				CLANG_WARN_INFINITE_RECURSION = YES;
				CLANG_WARN_INT_CONVERSION = YES;
				CLANG_WARN_NON_LITERAL_NULL_CONVERSION = YES;
				CLANG_WARN_OBJC_IMPLICIT_RETAIN_SELF = YES;
				CLANG_WARN_OBJC_LITERAL_CONVERSION = YES;
				CLANG_WARN_OBJC_ROOT_CLASS = YES_ERROR;
				CLANG_WARN_QUOTED_INCLUDE_IN_FRAMEWORK_HEADER = YES;
				CLANG_WARN_RANGE_LOOP_ANALYSIS = YES;
				CLANG_WARN_STRICT_PROTOTYPES = YES;
				CLANG_WARN_SUSPICIOUS_MOVE = YES;
				CLANG_WARN_UNGUARDED_AVAILABILITY = YES_AGGRESSIVE;
				CLANG_WARN_UNREACHABLE_CODE = YES;
				CLANG_WARN__DUPLICATE_METHOD_MATCH = YES;
				COPY_PHASE_STRIP = NO;
				DEBUG_INFORMATION_FORMAT = dwarf;
				ENABLE_STRICT_OBJC_MSGSEND = YES;
				ENABLE_TESTABILITY = YES;
				GCC_C_LANGUAGE_STANDARD = gnu11;
				GCC_DYNAMIC_NO_PIC = NO;
				GCC_NO_COMMON_BLOCKS = YES;
				GCC_OPTIMIZATION_LEVEL = 0;
				GCC_PREPROCESSOR_DEFINITIONS = (
					"DEBUG=1",
					"$(inherited)",
				);
				GCC_WARN_64_TO_32_BIT_CONVERSION = YES;
				GCC_WARN_ABOUT_RETURN_TYPE = YES_ERROR;
				GCC_WARN_UNDECLARED_SELECTOR = YES;
				GCC_WARN_UNINITIALIZED_AUTOS = YES_AGGRESSIVE;
				GCC_WARN_UNUSED_FUNCTION = YES;
				GCC_WARN_UNUSED_VARIABLE = YES;
				IPHONEOS_DEPLOYMENT_TARGET = 15.4;
				MTL_ENABLE_DEBUG_INFO = INCLUDE_SOURCE;
				MTL_FAST_MATH = YES;
				ONLY_ACTIVE_ARCH = YES;
				SDKROOT = iphoneos;
				SWIFT_ACTIVE_COMPILATION_CONDITIONS = DEBUG;
				SWIFT_OPTIMIZATION_LEVEL = "-Onone";
			};
			name = Debug;
		};
		633C1F3827E884670047BFDA /* Release */ = {
			isa = XCBuildConfiguration;
			buildSettings = {
				ALWAYS_SEARCH_USER_PATHS = NO;
				CLANG_ANALYZER_NONNULL = YES;
				CLANG_ANALYZER_NUMBER_OBJECT_CONVERSION = YES_AGGRESSIVE;
				CLANG_CXX_LANGUAGE_STANDARD = "gnu++17";
				CLANG_ENABLE_MODULES = YES;
				CLANG_ENABLE_OBJC_ARC = YES;
				CLANG_ENABLE_OBJC_WEAK = YES;
				CLANG_WARN_BLOCK_CAPTURE_AUTORELEASING = YES;
				CLANG_WARN_BOOL_CONVERSION = YES;
				CLANG_WARN_COMMA = YES;
				CLANG_WARN_CONSTANT_CONVERSION = YES;
				CLANG_WARN_DEPRECATED_OBJC_IMPLEMENTATIONS = YES;
				CLANG_WARN_DIRECT_OBJC_ISA_USAGE = YES_ERROR;
				CLANG_WARN_DOCUMENTATION_COMMENTS = YES;
				CLANG_WARN_EMPTY_BODY = YES;
				CLANG_WARN_ENUM_CONVERSION = YES;
				CLANG_WARN_INFINITE_RECURSION = YES;
				CLANG_WARN_INT_CONVERSION = YES;
				CLANG_WARN_NON_LITERAL_NULL_CONVERSION = YES;
				CLANG_WARN_OBJC_IMPLICIT_RETAIN_SELF = YES;
				CLANG_WARN_OBJC_LITERAL_CONVERSION = YES;
				CLANG_WARN_OBJC_ROOT_CLASS = YES_ERROR;
				CLANG_WARN_QUOTED_INCLUDE_IN_FRAMEWORK_HEADER = YES;
				CLANG_WARN_RANGE_LOOP_ANALYSIS = YES;
				CLANG_WARN_STRICT_PROTOTYPES = YES;
				CLANG_WARN_SUSPICIOUS_MOVE = YES;
				CLANG_WARN_UNGUARDED_AVAILABILITY = YES_AGGRESSIVE;
				CLANG_WARN_UNREACHABLE_CODE = YES;
				CLANG_WARN__DUPLICATE_METHOD_MATCH = YES;
				COPY_PHASE_STRIP = NO;
				DEBUG_INFORMATION_FORMAT = "dwarf-with-dsym";
				ENABLE_NS_ASSERTIONS = NO;
				ENABLE_STRICT_OBJC_MSGSEND = YES;
				GCC_C_LANGUAGE_STANDARD = gnu11;
				GCC_NO_COMMON_BLOCKS = YES;
				GCC_WARN_64_TO_32_BIT_CONVERSION = YES;
				GCC_WARN_ABOUT_RETURN_TYPE = YES_ERROR;
				GCC_WARN_UNDECLARED_SELECTOR = YES;
				GCC_WARN_UNINITIALIZED_AUTOS = YES_AGGRESSIVE;
				GCC_WARN_UNUSED_FUNCTION = YES;
				GCC_WARN_UNUSED_VARIABLE = YES;
				IPHONEOS_DEPLOYMENT_TARGET = 15.4;
				MTL_ENABLE_DEBUG_INFO = NO;
				MTL_FAST_MATH = YES;
				SDKROOT = iphoneos;
				SWIFT_COMPILATION_MODE = wholemodule;
				SWIFT_OPTIMIZATION_LEVEL = "-O";
				VALIDATE_PRODUCT = YES;
			};
			name = Release;
		};
		633C1F3A27E884670047BFDA /* Debug */ = {
			isa = XCBuildConfiguration;
			buildSettings = {
				ASSETCATALOG_COMPILER_APPICON_NAME = AppIcon;
				ASSETCATALOG_COMPILER_GLOBAL_ACCENT_COLOR_NAME = AccentColor;
				CODE_SIGN_STYLE = Automatic;
				CURRENT_PROJECT_VERSION = 1;
				GENERATE_INFOPLIST_FILE = YES;
				INFOPLIST_FILE = Reciplease/Info.plist;
				INFOPLIST_KEY_UIApplicationSupportsIndirectInputEvents = YES;
				INFOPLIST_KEY_UILaunchStoryboardName = LaunchScreen;
				INFOPLIST_KEY_UIMainStoryboardFile = Main;
				INFOPLIST_KEY_UISupportedInterfaceOrientations_iPad = "UIInterfaceOrientationPortrait UIInterfaceOrientationPortraitUpsideDown UIInterfaceOrientationLandscapeLeft UIInterfaceOrientationLandscapeRight";
				INFOPLIST_KEY_UISupportedInterfaceOrientations_iPhone = "UIInterfaceOrientationPortrait UIInterfaceOrientationLandscapeLeft UIInterfaceOrientationLandscapeRight";
				LD_RUNPATH_SEARCH_PATHS = (
					"$(inherited)",
					"@executable_path/Frameworks",
				);
				MARKETING_VERSION = 1.0;
				PRODUCT_BUNDLE_IDENTIFIER = Thibault.Ballof.Reciplease;
				PRODUCT_NAME = "$(TARGET_NAME)";
				SWIFT_EMIT_LOC_STRINGS = YES;
				SWIFT_VERSION = 5.0;
				TARGETED_DEVICE_FAMILY = "1,2";
			};
			name = Debug;
		};
		633C1F3B27E884670047BFDA /* Release */ = {
			isa = XCBuildConfiguration;
			buildSettings = {
				ASSETCATALOG_COMPILER_APPICON_NAME = AppIcon;
				ASSETCATALOG_COMPILER_GLOBAL_ACCENT_COLOR_NAME = AccentColor;
				CODE_SIGN_STYLE = Automatic;
				CURRENT_PROJECT_VERSION = 1;
				GENERATE_INFOPLIST_FILE = YES;
				INFOPLIST_FILE = Reciplease/Info.plist;
				INFOPLIST_KEY_UIApplicationSupportsIndirectInputEvents = YES;
				INFOPLIST_KEY_UILaunchStoryboardName = LaunchScreen;
				INFOPLIST_KEY_UIMainStoryboardFile = Main;
				INFOPLIST_KEY_UISupportedInterfaceOrientations_iPad = "UIInterfaceOrientationPortrait UIInterfaceOrientationPortraitUpsideDown UIInterfaceOrientationLandscapeLeft UIInterfaceOrientationLandscapeRight";
				INFOPLIST_KEY_UISupportedInterfaceOrientations_iPhone = "UIInterfaceOrientationPortrait UIInterfaceOrientationLandscapeLeft UIInterfaceOrientationLandscapeRight";
				LD_RUNPATH_SEARCH_PATHS = (
					"$(inherited)",
					"@executable_path/Frameworks",
				);
				MARKETING_VERSION = 1.0;
				PRODUCT_BUNDLE_IDENTIFIER = Thibault.Ballof.Reciplease;
				PRODUCT_NAME = "$(TARGET_NAME)";
				SWIFT_EMIT_LOC_STRINGS = YES;
				SWIFT_VERSION = 5.0;
				TARGETED_DEVICE_FAMILY = "1,2";
			};
			name = Release;
		};
		633C1F3D27E884670047BFDA /* Debug */ = {
			isa = XCBuildConfiguration;
			buildSettings = {
				ALWAYS_EMBED_SWIFT_STANDARD_LIBRARIES = YES;
				BUNDLE_LOADER = "$(TEST_HOST)";
				CODE_SIGN_STYLE = Automatic;
				CURRENT_PROJECT_VERSION = 1;
				GENERATE_INFOPLIST_FILE = YES;
				IPHONEOS_DEPLOYMENT_TARGET = 15.4;
				MARKETING_VERSION = 1.0;
				PRODUCT_BUNDLE_IDENTIFIER = Thibault.Ballof.RecipleaseTests;
				PRODUCT_NAME = "$(TARGET_NAME)";
				SWIFT_EMIT_LOC_STRINGS = NO;
				SWIFT_VERSION = 5.0;
				TARGETED_DEVICE_FAMILY = "1,2";
				TEST_HOST = "$(BUILT_PRODUCTS_DIR)/Reciplease.app/Reciplease";
			};
			name = Debug;
		};
		633C1F3E27E884670047BFDA /* Release */ = {
			isa = XCBuildConfiguration;
			buildSettings = {
				ALWAYS_EMBED_SWIFT_STANDARD_LIBRARIES = YES;
				BUNDLE_LOADER = "$(TEST_HOST)";
				CODE_SIGN_STYLE = Automatic;
				CURRENT_PROJECT_VERSION = 1;
				GENERATE_INFOPLIST_FILE = YES;
				IPHONEOS_DEPLOYMENT_TARGET = 15.4;
				MARKETING_VERSION = 1.0;
				PRODUCT_BUNDLE_IDENTIFIER = Thibault.Ballof.RecipleaseTests;
				PRODUCT_NAME = "$(TARGET_NAME)";
				SWIFT_EMIT_LOC_STRINGS = NO;
				SWIFT_VERSION = 5.0;
				TARGETED_DEVICE_FAMILY = "1,2";
				TEST_HOST = "$(BUILT_PRODUCTS_DIR)/Reciplease.app/Reciplease";
			};
			name = Release;
		};
		633C1F4027E884670047BFDA /* Debug */ = {
			isa = XCBuildConfiguration;
			buildSettings = {
				ALWAYS_EMBED_SWIFT_STANDARD_LIBRARIES = YES;
				CODE_SIGN_STYLE = Automatic;
				CURRENT_PROJECT_VERSION = 1;
				GENERATE_INFOPLIST_FILE = YES;
				MARKETING_VERSION = 1.0;
				PRODUCT_BUNDLE_IDENTIFIER = Thibault.Ballof.RecipleaseUITests;
				PRODUCT_NAME = "$(TARGET_NAME)";
				SWIFT_EMIT_LOC_STRINGS = NO;
				SWIFT_VERSION = 5.0;
				TARGETED_DEVICE_FAMILY = "1,2";
				TEST_TARGET_NAME = Reciplease;
			};
			name = Debug;
		};
		633C1F4127E884670047BFDA /* Release */ = {
			isa = XCBuildConfiguration;
			buildSettings = {
				ALWAYS_EMBED_SWIFT_STANDARD_LIBRARIES = YES;
				CODE_SIGN_STYLE = Automatic;
				CURRENT_PROJECT_VERSION = 1;
				GENERATE_INFOPLIST_FILE = YES;
				MARKETING_VERSION = 1.0;
				PRODUCT_BUNDLE_IDENTIFIER = Thibault.Ballof.RecipleaseUITests;
				PRODUCT_NAME = "$(TARGET_NAME)";
				SWIFT_EMIT_LOC_STRINGS = NO;
				SWIFT_VERSION = 5.0;
				TARGETED_DEVICE_FAMILY = "1,2";
				TEST_TARGET_NAME = Reciplease;
			};
			name = Release;
		};
/* End XCBuildConfiguration section */

/* Begin XCConfigurationList section */
		633C1F0727E884640047BFDA /* Build configuration list for PBXProject "Reciplease" */ = {
			isa = XCConfigurationList;
			buildConfigurations = (
				633C1F3727E884670047BFDA /* Debug */,
				633C1F3827E884670047BFDA /* Release */,
			);
			defaultConfigurationIsVisible = 0;
			defaultConfigurationName = Release;
		};
		633C1F3927E884670047BFDA /* Build configuration list for PBXNativeTarget "Reciplease" */ = {
			isa = XCConfigurationList;
			buildConfigurations = (
				633C1F3A27E884670047BFDA /* Debug */,
				633C1F3B27E884670047BFDA /* Release */,
			);
			defaultConfigurationIsVisible = 0;
			defaultConfigurationName = Release;
		};
		633C1F3C27E884670047BFDA /* Build configuration list for PBXNativeTarget "RecipleaseTests" */ = {
			isa = XCConfigurationList;
			buildConfigurations = (
				633C1F3D27E884670047BFDA /* Debug */,
				633C1F3E27E884670047BFDA /* Release */,
			);
			defaultConfigurationIsVisible = 0;
			defaultConfigurationName = Release;
		};
		633C1F3F27E884670047BFDA /* Build configuration list for PBXNativeTarget "RecipleaseUITests" */ = {
			isa = XCConfigurationList;
			buildConfigurations = (
				633C1F4027E884670047BFDA /* Debug */,
				633C1F4127E884670047BFDA /* Release */,
			);
			defaultConfigurationIsVisible = 0;
			defaultConfigurationName = Release;
		};
/* End XCConfigurationList section */

/* Begin XCVersionGroup section */
		633C1F1827E884640047BFDA /* Reciplease.xcdatamodeld */ = {
			isa = XCVersionGroup;
			children = (
				633C1F1927E884640047BFDA /* Reciplease.xcdatamodel */,
			);
			currentVersion = 633C1F1927E884640047BFDA /* Reciplease.xcdatamodel */;
			path = Reciplease.xcdatamodeld;
			sourceTree = "<group>";
			versionGroupType = wrapper.xcdatamodel;
		};
/* End XCVersionGroup section */
	};
	rootObject = 633C1F0427E884640047BFDA /* Project object */;
}
