// !$*UTF8*$!
{
	archiveVersion = 1;
	classes = {
	};
	objectVersion = 55;
	objects = {

/* Begin PBXBuildFile section */
		6326A09C28084B48008D68A8 /* Assets.xcassets in Resources */ = {isa = PBXBuildFile; fileRef = 6326A09B28084B48008D68A8 /* Assets.xcassets */; };
		632EE6BA27EB70AE009FF0B4 /* Recipe.swift in Sources */ = {isa = PBXBuildFile; fileRef = 632EE6B927EB70AE009FF0B4 /* Recipe.swift */; };
		632FEB3D28323E2D005A1FC0 /* Recipe.json in Resources */ = {isa = PBXBuildFile; fileRef = 632FEB3C28323E2D005A1FC0 /* Recipe.json */; };
		632FEB44283248AF005A1FC0 /* Mocker in Frameworks */ = {isa = PBXBuildFile; productRef = 632FEB43283248AF005A1FC0 /* Mocker */; };
		632FEB4728324EDF005A1FC0 /* Alamofire in Frameworks */ = {isa = PBXBuildFile; productRef = 632FEB4628324EDF005A1FC0 /* Alamofire */; };
		632FEB4928324EE3005A1FC0 /* Mocker in Frameworks */ = {isa = PBXBuildFile; productRef = 632FEB4828324EE3005A1FC0 /* Mocker */; };
		6335B70528467780003FF891 /* SessionProtocol.swift in Sources */ = {isa = PBXBuildFile; fileRef = 6335B70428467780003FF891 /* SessionProtocol.swift */; };
		6335B707284677AA003FF891 /* Session.swift in Sources */ = {isa = PBXBuildFile; fileRef = 6335B706284677AA003FF891 /* Session.swift */; };
		6335B70928467904003FF891 /* FakeSession.swift in Sources */ = {isa = PBXBuildFile; fileRef = 6335B70828467904003FF891 /* FakeSession.swift */; };
		633C1F1027E884640047BFDA /* AppDelegate.swift in Sources */ = {isa = PBXBuildFile; fileRef = 633C1F0F27E884640047BFDA /* AppDelegate.swift */; };
		633C1F1227E884640047BFDA /* SceneDelegate.swift in Sources */ = {isa = PBXBuildFile; fileRef = 633C1F1127E884640047BFDA /* SceneDelegate.swift */; };
		633C1F1727E884640047BFDA /* Main.storyboard in Resources */ = {isa = PBXBuildFile; fileRef = 633C1F1527E884640047BFDA /* Main.storyboard */; };
		633C1F1A27E884640047BFDA /* Reciplease.xcdatamodeld in Sources */ = {isa = PBXBuildFile; fileRef = 633C1F1827E884640047BFDA /* Reciplease.xcdatamodeld */; };
		633C1F1F27E884670047BFDA /* LaunchScreen.storyboard in Resources */ = {isa = PBXBuildFile; fileRef = 633C1F1D27E884670047BFDA /* LaunchScreen.storyboard */; };
		6359D497283BC89600E88847 /* MockURLProtocol.swift in Sources */ = {isa = PBXBuildFile; fileRef = 6359D496283BC89600E88847 /* MockURLProtocol.swift */; };
		635C7D9928071877003F02FF /* DetailFavoriteViewController.swift in Sources */ = {isa = PBXBuildFile; fileRef = 635C7D9828071877003F02FF /* DetailFavoriteViewController.swift */; };
		635F3D7527E8CABD001439B0 /* SearchViewController.swift in Sources */ = {isa = PBXBuildFile; fileRef = 635F3D7427E8CABD001439B0 /* SearchViewController.swift */; };
		635F3D7727E8CB4D001439B0 /* FavoriteViewController.swift in Sources */ = {isa = PBXBuildFile; fileRef = 635F3D7627E8CB4D001439B0 /* FavoriteViewController.swift */; };
		638EBAF6283256D0004083C0 /* Alamofire in Frameworks */ = {isa = PBXBuildFile; productRef = 638EBAF5283256D0004083C0 /* Alamofire */; };
		638EBAFB28325AEE004083C0 /* FakeResponseData.swift in Sources */ = {isa = PBXBuildFile; fileRef = 638EBAFA28325AEE004083C0 /* FakeResponseData.swift */; };
		638EBB0B28326EEB004083C0 /* ServiceTest.swift in Sources */ = {isa = PBXBuildFile; fileRef = 638EBB0A28326EEB004083C0 /* ServiceTest.swift */; };
		638EBB0D28327C2B004083C0 /* MockCoreData.swift in Sources */ = {isa = PBXBuildFile; fileRef = 638EBB0C28327C2B004083C0 /* MockCoreData.swift */; };
		638EBB0F28329575004083C0 /* CoreDataTests.swift in Sources */ = {isa = PBXBuildFile; fileRef = 638EBB0E28329575004083C0 /* CoreDataTests.swift */; };
		63A0F4FF28018D13005A2D66 /* FavoriteRecipes.swift in Sources */ = {isa = PBXBuildFile; fileRef = 63A0F4FE28018D13005A2D66 /* FavoriteRecipes.swift */; };
		63A0F501280191F6005A2D66 /* CoreDataStack.swift in Sources */ = {isa = PBXBuildFile; fileRef = 63A0F500280191F6005A2D66 /* CoreDataStack.swift */; };
		63A0F50328019C43005A2D66 /* DetailRecipeViewController.swift in Sources */ = {isa = PBXBuildFile; fileRef = 63A0F50228019C43005A2D66 /* DetailRecipeViewController.swift */; };
		63B3BF4C27FAE1510032DAC1 /* RecipeCell.swift in Sources */ = {isa = PBXBuildFile; fileRef = 63B3BF4B27FAE1510032DAC1 /* RecipeCell.swift */; };
		63B3BF4F27FAEB3D0032DAC1 /* Alamofire in Frameworks */ = {isa = PBXBuildFile; productRef = 63B3BF4E27FAEB3D0032DAC1 /* Alamofire */; };
		63EFC16127E8E2DC00ECB49C /* Service.swift in Sources */ = {isa = PBXBuildFile; fileRef = 63EFC16027E8E2DC00ECB49C /* Service.swift */; };
		63EFC16327E8E62100ECB49C /* RecipeData.swift in Sources */ = {isa = PBXBuildFile; fileRef = 63EFC16227E8E62100ECB49C /* RecipeData.swift */; };
		63EFC16727E8F32D00ECB49C /* RecipeViewController.swift in Sources */ = {isa = PBXBuildFile; fileRef = 63EFC16627E8F32D00ECB49C /* RecipeViewController.swift */; };
/* End PBXBuildFile section */

/* Begin PBXContainerItemProxy section */
		633C1F2627E884670047BFDA /* PBXContainerItemProxy */ = {
			isa = PBXContainerItemProxy;
			containerPortal = 633C1F0427E884640047BFDA /* Project object */;
			proxyType = 1;
			remoteGlobalIDString = 633C1F0B27E884640047BFDA;
			remoteInfo = Reciplease;
		};
/* End PBXContainerItemProxy section */

/* Begin PBXFileReference section */
		6326A09B28084B48008D68A8 /* Assets.xcassets */ = {isa = PBXFileReference; lastKnownFileType = folder.assetcatalog; name = Assets.xcassets; path = ../../../../../../Downloads/AppIcons/Assets.xcassets; sourceTree = "<group>"; };
		632EE6B927EB70AE009FF0B4 /* Recipe.swift */ = {isa = PBXFileReference; lastKnownFileType = sourcecode.swift; path = Recipe.swift; sourceTree = "<group>"; };
		632FEB3C28323E2D005A1FC0 /* Recipe.json */ = {isa = PBXFileReference; lastKnownFileType = text.json; path = Recipe.json; sourceTree = "<group>"; };
		6335B70428467780003FF891 /* SessionProtocol.swift */ = {isa = PBXFileReference; lastKnownFileType = sourcecode.swift; path = SessionProtocol.swift; sourceTree = "<group>"; };
		6335B706284677AA003FF891 /* Session.swift */ = {isa = PBXFileReference; lastKnownFileType = sourcecode.swift; path = Session.swift; sourceTree = "<group>"; };
		6335B70828467904003FF891 /* FakeSession.swift */ = {isa = PBXFileReference; lastKnownFileType = sourcecode.swift; path = FakeSession.swift; sourceTree = "<group>"; };
		633C1F0C27E884640047BFDA /* Reciplease.app */ = {isa = PBXFileReference; explicitFileType = wrapper.application; includeInIndex = 0; path = Reciplease.app; sourceTree = BUILT_PRODUCTS_DIR; };
		633C1F0F27E884640047BFDA /* AppDelegate.swift */ = {isa = PBXFileReference; lastKnownFileType = sourcecode.swift; path = AppDelegate.swift; sourceTree = "<group>"; };
		633C1F1127E884640047BFDA /* SceneDelegate.swift */ = {isa = PBXFileReference; lastKnownFileType = sourcecode.swift; path = SceneDelegate.swift; sourceTree = "<group>"; };
		633C1F1627E884640047BFDA /* Base */ = {isa = PBXFileReference; lastKnownFileType = file.storyboard; name = Base; path = Base.lproj/Main.storyboard; sourceTree = "<group>"; };
		633C1F1927E884640047BFDA /* Reciplease.xcdatamodel */ = {isa = PBXFileReference; lastKnownFileType = wrapper.xcdatamodel; path = Reciplease.xcdatamodel; sourceTree = "<group>"; };
		633C1F1E27E884670047BFDA /* Base */ = {isa = PBXFileReference; lastKnownFileType = file.storyboard; name = Base; path = Base.lproj/LaunchScreen.storyboard; sourceTree = "<group>"; };
		633C1F2027E884670047BFDA /* Info.plist */ = {isa = PBXFileReference; lastKnownFileType = text.plist.xml; path = Info.plist; sourceTree = "<group>"; };
		633C1F2527E884670047BFDA /* RecipleaseTests.xctest */ = {isa = PBXFileReference; explicitFileType = wrapper.cfbundle; includeInIndex = 0; path = RecipleaseTests.xctest; sourceTree = BUILT_PRODUCTS_DIR; };
		6359D496283BC89600E88847 /* MockURLProtocol.swift */ = {isa = PBXFileReference; lastKnownFileType = sourcecode.swift; path = MockURLProtocol.swift; sourceTree = "<group>"; };
		635C7D9828071877003F02FF /* DetailFavoriteViewController.swift */ = {isa = PBXFileReference; lastKnownFileType = sourcecode.swift; path = DetailFavoriteViewController.swift; sourceTree = "<group>"; };
		635F3D7427E8CABD001439B0 /* SearchViewController.swift */ = {isa = PBXFileReference; lastKnownFileType = sourcecode.swift; path = SearchViewController.swift; sourceTree = "<group>"; };
		635F3D7627E8CB4D001439B0 /* FavoriteViewController.swift */ = {isa = PBXFileReference; lastKnownFileType = sourcecode.swift; path = FavoriteViewController.swift; sourceTree = "<group>"; };
		638EBAF728325766004083C0 /* RecipleaseTests-Bridging-Header.h */ = {isa = PBXFileReference; lastKnownFileType = sourcecode.c.h; path = "RecipleaseTests-Bridging-Header.h"; sourceTree = "<group>"; };
		638EBAFA28325AEE004083C0 /* FakeResponseData.swift */ = {isa = PBXFileReference; lastKnownFileType = sourcecode.swift; path = FakeResponseData.swift; sourceTree = "<group>"; };
		638EBB0A28326EEB004083C0 /* ServiceTest.swift */ = {isa = PBXFileReference; lastKnownFileType = sourcecode.swift; path = ServiceTest.swift; sourceTree = "<group>"; };
		638EBB0C28327C2B004083C0 /* MockCoreData.swift */ = {isa = PBXFileReference; lastKnownFileType = sourcecode.swift; path = MockCoreData.swift; sourceTree = "<group>"; };
		638EBB0E28329575004083C0 /* CoreDataTests.swift */ = {isa = PBXFileReference; lastKnownFileType = sourcecode.swift; path = CoreDataTests.swift; sourceTree = "<group>"; };
		63A0F4FE28018D13005A2D66 /* FavoriteRecipes.swift */ = {isa = PBXFileReference; lastKnownFileType = sourcecode.swift; path = FavoriteRecipes.swift; sourceTree = "<group>"; };
		63A0F500280191F6005A2D66 /* CoreDataStack.swift */ = {isa = PBXFileReference; lastKnownFileType = sourcecode.swift; path = CoreDataStack.swift; sourceTree = "<group>"; };
		63A0F50228019C43005A2D66 /* DetailRecipeViewController.swift */ = {isa = PBXFileReference; lastKnownFileType = sourcecode.swift; path = DetailRecipeViewController.swift; sourceTree = "<group>"; };
		63B3BF4B27FAE1510032DAC1 /* RecipeCell.swift */ = {isa = PBXFileReference; lastKnownFileType = sourcecode.swift; path = RecipeCell.swift; sourceTree = "<group>"; };
		63EFC16027E8E2DC00ECB49C /* Service.swift */ = {isa = PBXFileReference; lastKnownFileType = sourcecode.swift; path = Service.swift; sourceTree = "<group>"; };
		63EFC16227E8E62100ECB49C /* RecipeData.swift */ = {isa = PBXFileReference; lastKnownFileType = sourcecode.swift; path = RecipeData.swift; sourceTree = "<group>"; };
		63EFC16627E8F32D00ECB49C /* RecipeViewController.swift */ = {isa = PBXFileReference; lastKnownFileType = sourcecode.swift; path = RecipeViewController.swift; sourceTree = "<group>"; };
/* End PBXFileReference section */

/* Begin PBXFrameworksBuildPhase section */
		633C1F0927E884640047BFDA /* Frameworks */ = {
			isa = PBXFrameworksBuildPhase;
			buildActionMask = 2147483647;
			files = (
				638EBAF6283256D0004083C0 /* Alamofire in Frameworks */,
				63B3BF4F27FAEB3D0032DAC1 /* Alamofire in Frameworks */,
				632FEB44283248AF005A1FC0 /* Mocker in Frameworks */,
			);
			runOnlyForDeploymentPostprocessing = 0;
		};
		633C1F2227E884670047BFDA /* Frameworks */ = {
			isa = PBXFrameworksBuildPhase;
			buildActionMask = 2147483647;
			files = (
				632FEB4728324EDF005A1FC0 /* Alamofire in Frameworks */,
				632FEB4928324EE3005A1FC0 /* Mocker in Frameworks */,
			);
			runOnlyForDeploymentPostprocessing = 0;
		};
/* End PBXFrameworksBuildPhase section */

/* Begin PBXGroup section */
		632FEB4528324EDF005A1FC0 /* Frameworks */ = {
			isa = PBXGroup;
			children = (
			);
			name = Frameworks;
			sourceTree = "<group>";
		};
		633C1F0327E884640047BFDA = {
			isa = PBXGroup;
			children = (
				633C1F0E27E884640047BFDA /* Reciplease */,
				633C1F2827E884670047BFDA /* RecipleaseTests */,
				633C1F0D27E884640047BFDA /* Products */,
				632FEB4528324EDF005A1FC0 /* Frameworks */,
			);
			sourceTree = "<group>";
		};
		633C1F0D27E884640047BFDA /* Products */ = {
			isa = PBXGroup;
			children = (
				633C1F0C27E884640047BFDA /* Reciplease.app */,
				633C1F2527E884670047BFDA /* RecipleaseTests.xctest */,
			);
			name = Products;
			sourceTree = "<group>";
		};
		633C1F0E27E884640047BFDA /* Reciplease */ = {
			isa = PBXGroup;
			children = (
				633C1F4427E8848A0047BFDA /* Service */,
				633C1F4527E8848E0047BFDA /* Controller */,
				633C1F4327E884870047BFDA /* View */,
				633C1F4227E884750047BFDA /* Model */,
				633C1F0F27E884640047BFDA /* AppDelegate.swift */,
				633C1F1127E884640047BFDA /* SceneDelegate.swift */,
				633C1F2027E884670047BFDA /* Info.plist */,
			);
			path = Reciplease;
			sourceTree = "<group>";
		};
		633C1F2827E884670047BFDA /* RecipleaseTests */ = {
			isa = PBXGroup;
			children = (
				638EBAFC28325B2B004083C0 /* New Group */,
				638EBAF728325766004083C0 /* RecipleaseTests-Bridging-Header.h */,
				638EBB0A28326EEB004083C0 /* ServiceTest.swift */,
				638EBB0C28327C2B004083C0 /* MockCoreData.swift */,
				638EBB0E28329575004083C0 /* CoreDataTests.swift */,
			);
			path = RecipleaseTests;
			sourceTree = "<group>";
		};
		633C1F4227E884750047BFDA /* Model */ = {
			isa = PBXGroup;
			children = (
				63A0F4FD28018CFB005A2D66 /* Core Data */,
				63EFC16227E8E62100ECB49C /* RecipeData.swift */,
				632EE6B927EB70AE009FF0B4 /* Recipe.swift */,
			);
			path = Model;
			sourceTree = "<group>";
		};
		633C1F4327E884870047BFDA /* View */ = {
			isa = PBXGroup;
			children = (
				6326A09B28084B48008D68A8 /* Assets.xcassets */,
				633C1F1527E884640047BFDA /* Main.storyboard */,
				633C1F1D27E884670047BFDA /* LaunchScreen.storyboard */,
				63B3BF4B27FAE1510032DAC1 /* RecipeCell.swift */,
			);
			path = View;
			sourceTree = "<group>";
		};
		633C1F4427E8848A0047BFDA /* Service */ = {
			isa = PBXGroup;
			children = (
				63EFC16027E8E2DC00ECB49C /* Service.swift */,
				6335B70428467780003FF891 /* SessionProtocol.swift */,
				6335B706284677AA003FF891 /* Session.swift */,
			);
			path = Service;
			sourceTree = "<group>";
		};
		633C1F4527E8848E0047BFDA /* Controller */ = {
			isa = PBXGroup;
			children = (
				635F3D7427E8CABD001439B0 /* SearchViewController.swift */,
				635F3D7627E8CB4D001439B0 /* FavoriteViewController.swift */,
				63EFC16627E8F32D00ECB49C /* RecipeViewController.swift */,
				63A0F50228019C43005A2D66 /* DetailRecipeViewController.swift */,
				635C7D9828071877003F02FF /* DetailFavoriteViewController.swift */,
			);
			path = Controller;
			sourceTree = "<group>";
		};
		638EBAFC28325B2B004083C0 /* New Group */ = {
			isa = PBXGroup;
			children = (
				632FEB3C28323E2D005A1FC0 /* Recipe.json */,
				638EBAFA28325AEE004083C0 /* FakeResponseData.swift */,
				6359D496283BC89600E88847 /* MockURLProtocol.swift */,
				6335B70828467904003FF891 /* FakeSession.swift */,
			);
			path = "New Group";
			sourceTree = "<group>";
		};
		63A0F4FD28018CFB005A2D66 /* Core Data */ = {
			isa = PBXGroup;
			children = (
				633C1F1827E884640047BFDA /* Reciplease.xcdatamodeld */,
				63A0F4FE28018D13005A2D66 /* FavoriteRecipes.swift */,
				63A0F500280191F6005A2D66 /* CoreDataStack.swift */,
			);
			path = "Core Data";
			sourceTree = "<group>";
		};
/* End PBXGroup section */

/* Begin PBXNativeTarget section */
		633C1F0B27E884640047BFDA /* Reciplease */ = {
			isa = PBXNativeTarget;
			buildConfigurationList = 633C1F3927E884670047BFDA /* Build configuration list for PBXNativeTarget "Reciplease" */;
			buildPhases = (
				633C1F0827E884640047BFDA /* Sources */,
				633C1F0927E884640047BFDA /* Frameworks */,
				633C1F0A27E884640047BFDA /* Resources */,
			);
			buildRules = (
			);
			dependencies = (
			);
			name = Reciplease;
			packageProductDependencies = (
				63B3BF4E27FAEB3D0032DAC1 /* Alamofire */,
				632FEB43283248AF005A1FC0 /* Mocker */,
				638EBAF5283256D0004083C0 /* Alamofire */,
			);
			productName = Reciplease;
			productReference = 633C1F0C27E884640047BFDA /* Reciplease.app */;
			productType = "com.apple.product-type.application";
		};
		633C1F2427E884670047BFDA /* RecipleaseTests */ = {
			isa = PBXNativeTarget;
			buildConfigurationList = 633C1F3C27E884670047BFDA /* Build configuration list for PBXNativeTarget "RecipleaseTests" */;
			buildPhases = (
				633C1F2127E884670047BFDA /* Sources */,
				633C1F2227E884670047BFDA /* Frameworks */,
				633C1F2327E884670047BFDA /* Resources */,
			);
			buildRules = (
			);
			dependencies = (
				633C1F2727E884670047BFDA /* PBXTargetDependency */,
			);
			name = RecipleaseTests;
			packageProductDependencies = (
				632FEB4628324EDF005A1FC0 /* Alamofire */,
				632FEB4828324EE3005A1FC0 /* Mocker */,
			);
			productName = RecipleaseTests;
			productReference = 633C1F2527E884670047BFDA /* RecipleaseTests.xctest */;
			productType = "com.apple.product-type.bundle.unit-test";
		};
/* End PBXNativeTarget section */

/* Begin PBXProject section */
		633C1F0427E884640047BFDA /* Project object */ = {
			isa = PBXProject;
			attributes = {
				BuildIndependentTargetsInParallel = 1;
				LastSwiftUpdateCheck = 1330;
				LastUpgradeCheck = 1330;
				TargetAttributes = {
					633C1F0B27E884640047BFDA = {
						CreatedOnToolsVersion = 13.3;
					};
					633C1F2427E884670047BFDA = {
						CreatedOnToolsVersion = 13.3;
						LastSwiftMigration = 1330;
						TestTargetID = 633C1F0B27E884640047BFDA;
					};
				};
			};
			buildConfigurationList = 633C1F0727E884640047BFDA /* Build configuration list for PBXProject "Reciplease" */;
			compatibilityVersion = "Xcode 13.0";
			developmentRegion = en;
			hasScannedForEncodings = 0;
			knownRegions = (
				en,
				Base,
			);
			mainGroup = 633C1F0327E884640047BFDA;
			packageReferences = (
				63B3BF4D27FAEB3D0032DAC1 /* XCRemoteSwiftPackageReference "Alamofire" */,
				632FEB42283248AF005A1FC0 /* XCRemoteSwiftPackageReference "Mocker" */,
				638EBAF4283256D0004083C0 /* XCRemoteSwiftPackageReference "Alamofire" */,
			);
			productRefGroup = 633C1F0D27E884640047BFDA /* Products */;
			projectDirPath = "";
			projectRoot = "";
			targets = (
				633C1F0B27E884640047BFDA /* Reciplease */,
				633C1F2427E884670047BFDA /* RecipleaseTests */,
			);
		};
/* End PBXProject section */

/* Begin PBXResourcesBuildPhase section */
		633C1F0A27E884640047BFDA /* Resources */ = {
			isa = PBXResourcesBuildPhase;
			buildActionMask = 2147483647;
			files = (
				633C1F1F27E884670047BFDA /* LaunchScreen.storyboard in Resources */,
				6326A09C28084B48008D68A8 /* Assets.xcassets in Resources */,
				633C1F1727E884640047BFDA /* Main.storyboard in Resources */,
			);
			runOnlyForDeploymentPostprocessing = 0;
		};
		633C1F2327E884670047BFDA /* Resources */ = {
			isa = PBXResourcesBuildPhase;
			buildActionMask = 2147483647;
			files = (
				632FEB3D28323E2D005A1FC0 /* Recipe.json in Resources */,
			);
			runOnlyForDeploymentPostprocessing = 0;
		};
/* End PBXResourcesBuildPhase section */

/* Begin PBXSourcesBuildPhase section */
		633C1F0827E884640047BFDA /* Sources */ = {
			isa = PBXSourcesBuildPhase;
			buildActionMask = 2147483647;
			files = (
				633C1F1A27E884640047BFDA /* Reciplease.xcdatamodeld in Sources */,
				635F3D7527E8CABD001439B0 /* SearchViewController.swift in Sources */,
				6335B70528467780003FF891 /* SessionProtocol.swift in Sources */,
				63EFC16327E8E62100ECB49C /* RecipeData.swift in Sources */,
				633C1F1027E884640047BFDA /* AppDelegate.swift in Sources */,
				63A0F50328019C43005A2D66 /* DetailRecipeViewController.swift in Sources */,
				63B3BF4C27FAE1510032DAC1 /* RecipeCell.swift in Sources */,
				63A0F501280191F6005A2D66 /* CoreDataStack.swift in Sources */,
				633C1F1227E884640047BFDA /* SceneDelegate.swift in Sources */,
				635F3D7727E8CB4D001439B0 /* FavoriteViewController.swift in Sources */,
				63EFC16127E8E2DC00ECB49C /* Service.swift in Sources */,
				63EFC16727E8F32D00ECB49C /* RecipeViewController.swift in Sources */,
				6335B707284677AA003FF891 /* Session.swift in Sources */,
				632EE6BA27EB70AE009FF0B4 /* Recipe.swift in Sources */,
				63A0F4FF28018D13005A2D66 /* FavoriteRecipes.swift in Sources */,
				635C7D9928071877003F02FF /* DetailFavoriteViewController.swift in Sources */,
			);
			runOnlyForDeploymentPostprocessing = 0;
		};
		633C1F2127E884670047BFDA /* Sources */ = {
			isa = PBXSourcesBuildPhase;
			buildActionMask = 2147483647;
			files = (
				638EBB0B28326EEB004083C0 /* ServiceTest.swift in Sources */,
				6335B70928467904003FF891 /* FakeSession.swift in Sources */,
				638EBB0F28329575004083C0 /* CoreDataTests.swift in Sources */,
				6359D497283BC89600E88847 /* MockURLProtocol.swift in Sources */,
				638EBB0D28327C2B004083C0 /* MockCoreData.swift in Sources */,
				638EBAFB28325AEE004083C0 /* FakeResponseData.swift in Sources */,
			);
			runOnlyForDeploymentPostprocessing = 0;
		};
/* End PBXSourcesBuildPhase section */

/* Begin PBXTargetDependency section */
		633C1F2727E884670047BFDA /* PBXTargetDependency */ = {
			isa = PBXTargetDependency;
			target = 633C1F0B27E884640047BFDA /* Reciplease */;
			targetProxy = 633C1F2627E884670047BFDA /* PBXContainerItemProxy */;
		};
/* End PBXTargetDependency section */

/* Begin PBXVariantGroup section */
		633C1F1527E884640047BFDA /* Main.storyboard */ = {
			isa = PBXVariantGroup;
			children = (
				633C1F1627E884640047BFDA /* Base */,
			);
			name = Main.storyboard;
			sourceTree = "<group>";
		};
		633C1F1D27E884670047BFDA /* LaunchScreen.storyboard */ = {
			isa = PBXVariantGroup;
			children = (
				633C1F1E27E884670047BFDA /* Base */,
			);
			name = LaunchScreen.storyboard;
			sourceTree = "<group>";
		};
/* End PBXVariantGroup section */

/* Begin XCBuildConfiguration section */
		633C1F3727E884670047BFDA /* Debug */ = {
			isa = XCBuildConfiguration;
			buildSettings = {
				ALWAYS_SEARCH_USER_PATHS = NO;
				CLANG_ANALYZER_NONNULL = YES;
				CLANG_ANALYZER_NUMBER_OBJECT_CONVERSION = YES_AGGRESSIVE;
				CLANG_CXX_LANGUAGE_STANDARD = "gnu++17";
				CLANG_ENABLE_MODULES = YES;
				CLANG_ENABLE_OBJC_ARC = YES;
				CLANG_ENABLE_OBJC_WEAK = YES;
				CLANG_WARN_BLOCK_CAPTURE_AUTORELEASING = YES;
				CLANG_WARN_BOOL_CONVERSION = YES;
				CLANG_WARN_COMMA = YES;
				CLANG_WARN_CONSTANT_CONVERSION = YES;
				CLANG_WARN_DEPRECATED_OBJC_IMPLEMENTATIONS = YES;
				CLANG_WARN_DIRECT_OBJC_ISA_USAGE = YES_ERROR;
				CLANG_WARN_DOCUMENTATION_COMMENTS = YES;
				CLANG_WARN_EMPTY_BODY = YES;
				CLANG_WARN_ENUM_CONVERSION = YES;
				CLANG_WARN_INFINITE_RECURSION = YES;
				CLANG_WARN_INT_CONVERSION = YES;
				CLANG_WARN_NON_LITERAL_NULL_CONVERSION = YES;
				CLANG_WARN_OBJC_IMPLICIT_RETAIN_SELF = YES;
				CLANG_WARN_OBJC_LITERAL_CONVERSION = YES;
				CLANG_WARN_OBJC_ROOT_CLASS = YES_ERROR;
				CLANG_WARN_QUOTED_INCLUDE_IN_FRAMEWORK_HEADER = YES;
				CLANG_WARN_RANGE_LOOP_ANALYSIS = YES;
				CLANG_WARN_STRICT_PROTOTYPES = YES;
				CLANG_WARN_SUSPICIOUS_MOVE = YES;
				CLANG_WARN_UNGUARDED_AVAILABILITY = YES_AGGRESSIVE;
				CLANG_WARN_UNREACHABLE_CODE = YES;
				CLANG_WARN__DUPLICATE_METHOD_MATCH = YES;
				COPY_PHASE_STRIP = NO;
				DEBUG_INFORMATION_FORMAT = dwarf;
				ENABLE_STRICT_OBJC_MSGSEND = YES;
				ENABLE_TESTABILITY = YES;
				GCC_C_LANGUAGE_STANDARD = gnu11;
				GCC_DYNAMIC_NO_PIC = NO;
				GCC_NO_COMMON_BLOCKS = YES;
				GCC_OPTIMIZATION_LEVEL = 0;
				GCC_PREPROCESSOR_DEFINITIONS = (
					"DEBUG=1",
					"$(inherited)",
				);
				GCC_WARN_64_TO_32_BIT_CONVERSION = YES;
				GCC_WARN_ABOUT_RETURN_TYPE = YES_ERROR;
				GCC_WARN_UNDECLARED_SELECTOR = YES;
				GCC_WARN_UNINITIALIZED_AUTOS = YES_AGGRESSIVE;
				GCC_WARN_UNUSED_FUNCTION = YES;
				GCC_WARN_UNUSED_VARIABLE = YES;
				IPHONEOS_DEPLOYMENT_TARGET = 15.2;
				MTL_ENABLE_DEBUG_INFO = INCLUDE_SOURCE;
				MTL_FAST_MATH = YES;
				ONLY_ACTIVE_ARCH = YES;
				SDKROOT = iphoneos;
				SWIFT_ACTIVE_COMPILATION_CONDITIONS = DEBUG;
				SWIFT_OPTIMIZATION_LEVEL = "-Onone";
			};
			name = Debug;
		};
		633C1F3827E884670047BFDA /* Release */ = {
			isa = XCBuildConfiguration;
			buildSettings = {
				ALWAYS_SEARCH_USER_PATHS = NO;
				CLANG_ANALYZER_NONNULL = YES;
				CLANG_ANALYZER_NUMBER_OBJECT_CONVERSION = YES_AGGRESSIVE;
				CLANG_CXX_LANGUAGE_STANDARD = "gnu++17";
				CLANG_ENABLE_MODULES = YES;
				CLANG_ENABLE_OBJC_ARC = YES;
				CLANG_ENABLE_OBJC_WEAK = YES;
				CLANG_WARN_BLOCK_CAPTURE_AUTORELEASING = YES;
				CLANG_WARN_BOOL_CONVERSION = YES;
				CLANG_WARN_COMMA = YES;
				CLANG_WARN_CONSTANT_CONVERSION = YES;
				CLANG_WARN_DEPRECATED_OBJC_IMPLEMENTATIONS = YES;
				CLANG_WARN_DIRECT_OBJC_ISA_USAGE = YES_ERROR;
				CLANG_WARN_DOCUMENTATION_COMMENTS = YES;
				CLANG_WARN_EMPTY_BODY = YES;
				CLANG_WARN_ENUM_CONVERSION = YES;
				CLANG_WARN_INFINITE_RECURSION = YES;
				CLANG_WARN_INT_CONVERSION = YES;
				CLANG_WARN_NON_LITERAL_NULL_CONVERSION = YES;
				CLANG_WARN_OBJC_IMPLICIT_RETAIN_SELF = YES;
				CLANG_WARN_OBJC_LITERAL_CONVERSION = YES;
				CLANG_WARN_OBJC_ROOT_CLASS = YES_ERROR;
				CLANG_WARN_QUOTED_INCLUDE_IN_FRAMEWORK_HEADER = YES;
				CLANG_WARN_RANGE_LOOP_ANALYSIS = YES;
				CLANG_WARN_STRICT_PROTOTYPES = YES;
				CLANG_WARN_SUSPICIOUS_MOVE = YES;
				CLANG_WARN_UNGUARDED_AVAILABILITY = YES_AGGRESSIVE;
				CLANG_WARN_UNREACHABLE_CODE = YES;
				CLANG_WARN__DUPLICATE_METHOD_MATCH = YES;
				COPY_PHASE_STRIP = NO;
				DEBUG_INFORMATION_FORMAT = "dwarf-with-dsym";
				ENABLE_NS_ASSERTIONS = NO;
				ENABLE_STRICT_OBJC_MSGSEND = YES;
				ENABLE_TESTABILITY = NO;
				GCC_C_LANGUAGE_STANDARD = gnu11;
				GCC_NO_COMMON_BLOCKS = YES;
				GCC_WARN_64_TO_32_BIT_CONVERSION = YES;
				GCC_WARN_ABOUT_RETURN_TYPE = YES_ERROR;
				GCC_WARN_UNDECLARED_SELECTOR = YES;
				GCC_WARN_UNINITIALIZED_AUTOS = YES_AGGRESSIVE;
				GCC_WARN_UNUSED_FUNCTION = YES;
				GCC_WARN_UNUSED_VARIABLE = YES;
				IPHONEOS_DEPLOYMENT_TARGET = 15.2;
				MTL_ENABLE_DEBUG_INFO = NO;
				MTL_FAST_MATH = YES;
				SDKROOT = iphoneos;
				SWIFT_COMPILATION_MODE = wholemodule;
				SWIFT_OPTIMIZATION_LEVEL = "-O";
				VALIDATE_PRODUCT = YES;
			};
			name = Release;
		};
		633C1F3A27E884670047BFDA /* Debug */ = {
			isa = XCBuildConfiguration;
			buildSettings = {
				ASSETCATALOG_COMPILER_APPICON_NAME = AppIcon;
				ASSETCATALOG_COMPILER_GLOBAL_ACCENT_COLOR_NAME = AccentColor;
				CODE_SIGN_STYLE = Automatic;
				CURRENT_PROJECT_VERSION = 1;
				DEVELOPMENT_TEAM = T2L78J4N3Z;
				ENABLE_TESTING_SEARCH_PATHS = YES;
				GENERATE_INFOPLIST_FILE = YES;
				INFOPLIST_FILE = Reciplease/Info.plist;
				INFOPLIST_KEY_UIApplicationSupportsIndirectInputEvents = YES;
				INFOPLIST_KEY_UILaunchStoryboardName = LaunchScreen;
				INFOPLIST_KEY_UIMainStoryboardFile = Main;
				INFOPLIST_KEY_UISupportedInterfaceOrientations_iPad = "UIInterfaceOrientationPortrait UIInterfaceOrientationPortraitUpsideDown UIInterfaceOrientationLandscapeLeft UIInterfaceOrientationLandscapeRight";
				INFOPLIST_KEY_UISupportedInterfaceOrientations_iPhone = "UIInterfaceOrientationPortrait UIInterfaceOrientationLandscapeLeft UIInterfaceOrientationLandscapeRight";
				LD_RUNPATH_SEARCH_PATHS = (
					"$(inherited)",
					"@executable_path/Frameworks",
				);
				MARKETING_VERSION = 1.0;
				PRODUCT_BUNDLE_IDENTIFIER = Thibault.Ballof.Reciplease;
				PRODUCT_NAME = "$(TARGET_NAME)";
				SWIFT_EMIT_LOC_STRINGS = YES;
				SWIFT_VERSION = 5.0;
				TARGETED_DEVICE_FAMILY = "1,2";
			};
			name = Debug;
		};
		633C1F3B27E884670047BFDA /* Release */ = {
			isa = XCBuildConfiguration;
			buildSettings = {
				ASSETCATALOG_COMPILER_APPICON_NAME = AppIcon;
				ASSETCATALOG_COMPILER_GLOBAL_ACCENT_COLOR_NAME = AccentColor;
				CODE_SIGN_STYLE = Automatic;
				CURRENT_PROJECT_VERSION = 1;
				DEVELOPMENT_TEAM = T2L78J4N3Z;
				ENABLE_TESTING_SEARCH_PATHS = YES;
				GENERATE_INFOPLIST_FILE = YES;
				INFOPLIST_FILE = Reciplease/Info.plist;
				INFOPLIST_KEY_UIApplicationSupportsIndirectInputEvents = YES;
				INFOPLIST_KEY_UILaunchStoryboardName = LaunchScreen;
				INFOPLIST_KEY_UIMainStoryboardFile = Main;
				INFOPLIST_KEY_UISupportedInterfaceOrientations_iPad = "UIInterfaceOrientationPortrait UIInterfaceOrientationPortraitUpsideDown UIInterfaceOrientationLandscapeLeft UIInterfaceOrientationLandscapeRight";
				INFOPLIST_KEY_UISupportedInterfaceOrientations_iPhone = "UIInterfaceOrientationPortrait UIInterfaceOrientationLandscapeLeft UIInterfaceOrientationLandscapeRight";
				LD_RUNPATH_SEARCH_PATHS = (
					"$(inherited)",
					"@executable_path/Frameworks",
				);
				MARKETING_VERSION = 1.0;
				PRODUCT_BUNDLE_IDENTIFIER = Thibault.Ballof.Reciplease;
				PRODUCT_NAME = "$(TARGET_NAME)";
				SWIFT_EMIT_LOC_STRINGS = YES;
				SWIFT_VERSION = 5.0;
				TARGETED_DEVICE_FAMILY = "1,2";
			};
			name = Release;
		};
		633C1F3D27E884670047BFDA /* Debug */ = {
			isa = XCBuildConfiguration;
			buildSettings = {
				ALWAYS_EMBED_SWIFT_STANDARD_LIBRARIES = YES;
				BUNDLE_LOADER = "$(TEST_HOST)";
				CLANG_ENABLE_MODULES = YES;
				CODE_SIGN_STYLE = Automatic;
				CURRENT_PROJECT_VERSION = 1;
				GENERATE_INFOPLIST_FILE = YES;
				IPHONEOS_DEPLOYMENT_TARGET = 15.4;
				LD_RUNPATH_SEARCH_PATHS = (
					"$(inherited)",
					"@executable_path/Frameworks",
					"@loader_path/Frameworks",
				);
				MARKETING_VERSION = 1.0;
				PRODUCT_BUNDLE_IDENTIFIER = Thibault.Ballof.RecipleaseTests;
				PRODUCT_NAME = "$(TARGET_NAME)";
				SWIFT_EMIT_LOC_STRINGS = NO;
				SWIFT_OBJC_BRIDGING_HEADER = "RecipleaseTests/RecipleaseTests-Bridging-Header.h";
				SWIFT_OPTIMIZATION_LEVEL = "-Onone";
				SWIFT_VERSION = 5.0;
				TARGETED_DEVICE_FAMILY = "1,2";
				TEST_HOST = "$(BUILT_PRODUCTS_DIR)/Reciplease.app/Reciplease";
			};
			name = Debug;
		};
		633C1F3E27E884670047BFDA /* Release */ = {
			isa = XCBuildConfiguration;
			buildSettings = {
				ALWAYS_EMBED_SWIFT_STANDARD_LIBRARIES = YES;
				BUNDLE_LOADER = "$(TEST_HOST)";
				CLANG_ENABLE_MODULES = YES;
				CODE_SIGN_STYLE = Automatic;
				CURRENT_PROJECT_VERSION = 1;
				GENERATE_INFOPLIST_FILE = YES;
				IPHONEOS_DEPLOYMENT_TARGET = 15.4;
				LD_RUNPATH_SEARCH_PATHS = (
					"$(inherited)",
					"@executable_path/Frameworks",
					"@loader_path/Frameworks",
				);
				MARKETING_VERSION = 1.0;
				PRODUCT_BUNDLE_IDENTIFIER = Thibault.Ballof.RecipleaseTests;
				PRODUCT_NAME = "$(TARGET_NAME)";
				SWIFT_EMIT_LOC_STRINGS = NO;
				SWIFT_OBJC_BRIDGING_HEADER = "RecipleaseTests/RecipleaseTests-Bridging-Header.h";
				SWIFT_VERSION = 5.0;
				TARGETED_DEVICE_FAMILY = "1,2";
				TEST_HOST = "$(BUILT_PRODUCTS_DIR)/Reciplease.app/Reciplease";
			};
			name = Release;
		};
/* End XCBuildConfiguration section */

/* Begin XCConfigurationList section */
		633C1F0727E884640047BFDA /* Build configuration list for PBXProject "Reciplease" */ = {
			isa = XCConfigurationList;
			buildConfigurations = (
				633C1F3727E884670047BFDA /* Debug */,
				633C1F3827E884670047BFDA /* Release */,
			);
			defaultConfigurationIsVisible = 0;
			defaultConfigurationName = Release;
		};
		633C1F3927E884670047BFDA /* Build configuration list for PBXNativeTarget "Reciplease" */ = {
			isa = XCConfigurationList;
			buildConfigurations = (
				633C1F3A27E884670047BFDA /* Debug */,
				633C1F3B27E884670047BFDA /* Release */,
			);
			defaultConfigurationIsVisible = 0;
			defaultConfigurationName = Release;
		};
		633C1F3C27E884670047BFDA /* Build configuration list for PBXNativeTarget "RecipleaseTests" */ = {
			isa = XCConfigurationList;
			buildConfigurations = (
				633C1F3D27E884670047BFDA /* Debug */,
				633C1F3E27E884670047BFDA /* Release */,
			);
			defaultConfigurationIsVisible = 0;
			defaultConfigurationName = Release;
		};
/* End XCConfigurationList section */

/* Begin XCRemoteSwiftPackageReference section */
		632FEB42283248AF005A1FC0 /* XCRemoteSwiftPackageReference "Mocker" */ = {
			isa = XCRemoteSwiftPackageReference;
			repositoryURL = "https://github.com/WeTransfer/Mocker.git";
			requirement = {
				kind = upToNextMajorVersion;
				minimumVersion = 2.0.0;
			};
		};
		638EBAF4283256D0004083C0 /* XCRemoteSwiftPackageReference "Alamofire" */ = {
			isa = XCRemoteSwiftPackageReference;
			repositoryURL = "https://github.com/Alamofire/Alamofire.git";
			requirement = {
				branch = master;
				kind = branch;
			};
		};
		63B3BF4D27FAEB3D0032DAC1 /* XCRemoteSwiftPackageReference "Alamofire" */ = {
			isa = XCRemoteSwiftPackageReference;
			repositoryURL = "https://github.com/Alamofire/Alamofire.git";
			requirement = {
				kind = upToNextMajorVersion;
				minimumVersion = 5.0.0;
			};
		};
/* End XCRemoteSwiftPackageReference section */

/* Begin XCSwiftPackageProductDependency section */
		632FEB43283248AF005A1FC0 /* Mocker */ = {
			isa = XCSwiftPackageProductDependency;
			package = 632FEB42283248AF005A1FC0 /* XCRemoteSwiftPackageReference "Mocker" */;
			productName = Mocker;
		};
		632FEB4628324EDF005A1FC0 /* Alamofire */ = {
			isa = XCSwiftPackageProductDependency;
			package = 63B3BF4D27FAEB3D0032DAC1 /* XCRemoteSwiftPackageReference "Alamofire" */;
			productName = Alamofire;
		};
		632FEB4828324EE3005A1FC0 /* Mocker */ = {
			isa = XCSwiftPackageProductDependency;
			package = 632FEB42283248AF005A1FC0 /* XCRemoteSwiftPackageReference "Mocker" */;
			productName = Mocker;
		};
		638EBAF5283256D0004083C0 /* Alamofire */ = {
			isa = XCSwiftPackageProductDependency;
			package = 638EBAF4283256D0004083C0 /* XCRemoteSwiftPackageReference "Alamofire" */;
			productName = Alamofire;
		};
		63B3BF4E27FAEB3D0032DAC1 /* Alamofire */ = {
			isa = XCSwiftPackageProductDependency;
			package = 63B3BF4D27FAEB3D0032DAC1 /* XCRemoteSwiftPackageReference "Alamofire" */;
			productName = Alamofire;
		};
/* End XCSwiftPackageProductDependency section */

/* Begin XCVersionGroup section */
		633C1F1827E884640047BFDA /* Reciplease.xcdatamodeld */ = {
			isa = XCVersionGroup;
			children = (
				633C1F1927E884640047BFDA /* Reciplease.xcdatamodel */,
			);
			currentVersion = 633C1F1927E884640047BFDA /* Reciplease.xcdatamodel */;
			path = Reciplease.xcdatamodeld;
			sourceTree = "<group>";
			versionGroupType = wrapper.xcdatamodel;
		};
/* End XCVersionGroup section */
	};
	rootObject = 633C1F0427E884640047BFDA /* Project object */;
}
